# This file is automatically @generated by Cargo.
# It is not intended for manual editing.
version = 3

[[package]]
name = "bc"
version = "0.1.0"
dependencies = [
 "byteyarn",
]

[[package]]
name = "byteyarn"
version = "0.2.3"
source = "registry+https://github.com/rust-lang/crates.io-index"
checksum = "a7534301c0ea17abb4db06d75efc7b4b0fa360fce8e175a4330d721c71c942ff"
